github.com/iMcG33k/Go_Math_Modules v1.0.2 h1:PfOGkEp2tUSGK4M+IGHlimAL9QKUOMx/EJvScx5KsgI=
github.com/iMcG33k/Go_Math_Modules v1.0.2/go.mod h1:FZT2bxfYDBUcsI2cjYrmRNoCyU1BRbJO0uPIe4DVrFA=
github.com/imcg33kgo/go_math_modules v1.0.1 h1:+uVvDz9xGqt8wVOYL5IQJEHdp7pqtpURHG4FNOJmOeY=
github.com/imcg33kgo/go_math_modules v1.0.1/go.mod h1:AQ/6KiISdXQ1zq8FZlcJmMis+P/pzzlCj6pc5WozoO0=
github.com/imcg33kgo/go_math_modules v1.0.2 h1:Cd8qUOiQ4YYl4L4F/1eUewKUtO6TMVpDzdoLlIAyS9g=
github.com/imcg33kgo/go_math_modules v1.0.2/go.mod h1:AQ/6KiISdXQ1zq8FZlcJmMis+P/pzzlCj6pc5WozoO0=
github.com/imcg33kgo/testmodule v1.0.1 h1:NsM1JKGaFjFb8nIhS2xbTMoCV1oI0JF3elPhpguDCUs=
github.com/imcg33kgo/testmodule v1.0.1/go.mod h1:YODPyTtMLBj1vGUHHF+sywv3dlbyVrpljR7fYVhm2vM=
github.com/objcoding/testmod v1.0.1 h1:PWGrH/rCW8BZ41RsRCGEMryi5ekdqHzHVQSDHJj7Sx8=
github.com/objcoding/testmod v1.0.1/go.mod h1:LGpYEmOLZhLQC3JW88STU2Ja3rsfoGZmsidsHJhDNGU=
